{
    "_readme": [
        "This file locks the dependencies of your project to a known state",
        "Read more about it at https://getcomposer.org/doc/01-basic-usage.md#installing-dependencies",
        "This file is @generated automatically"
    ],
    "content-hash": "b0e89d4e76ecf658dfc7b23677c5a45f",
    "packages": [
        {
            "name": "illuminate/contracts",
            "version": "v9.27.0",
            "source": {
                "type": "git",
                "url": "https://github.com/illuminate/contracts.git",
                "reference": "0d1dd1a7e947072319f2e641cc50081219606502"
            },
            "dist": {
                "type": "zip",
                "url": "https://api.github.com/repos/illuminate/contracts/zipball/0d1dd1a7e947072319f2e641cc50081219606502",
                "reference": "0d1dd1a7e947072319f2e641cc50081219606502",
                "shasum": ""
            },
            "require": {
                "php": "^8.0.2",
                "psr/container": "^1.1.1|^2.0.1",
                "psr/simple-cache": "^1.0|^2.0|^3.0"
            },
            "type": "library",
            "extra": {
                "branch-alias": {
                    "dev-master": "9.x-dev"
                }
            },
            "autoload": {
                "psr-4": {
                    "Illuminate\\Contracts\\": ""
                }
            },
            "notification-url": "https://packagist.org/downloads/",
            "license": [
                "MIT"
            ],
            "authors": [
                {
                    "name": "Taylor Otwell",
                    "email": "taylor@laravel.com"
                }
            ],
            "description": "The Illuminate Contracts package.",
            "homepage": "https://laravel.com",
            "support": {
                "issues": "https://github.com/laravel/framework/issues",
                "source": "https://github.com/laravel/framework"
            },
            "time": "2022-08-18T14:18:13+00:00"
        },
        {
            "name": "phpdocumentor/reflection-common",
            "version": "2.2.0",
            "source": {
                "type": "git",
                "url": "https://github.com/phpDocumentor/ReflectionCommon.git",
                "reference": "1d01c49d4ed62f25aa84a747ad35d5a16924662b"
            },
            "dist": {
                "type": "zip",
                "url": "https://api.github.com/repos/phpDocumentor/ReflectionCommon/zipball/1d01c49d4ed62f25aa84a747ad35d5a16924662b",
                "reference": "1d01c49d4ed62f25aa84a747ad35d5a16924662b",
                "shasum": ""
            },
            "require": {
                "php": "^7.2 || ^8.0"
            },
            "type": "library",
            "extra": {
                "branch-alias": {
                    "dev-2.x": "2.x-dev"
                }
            },
            "autoload": {
                "psr-4": {
                    "phpDocumentor\\Reflection\\": "src/"
                }
            },
            "notification-url": "https://packagist.org/downloads/",
            "license": [
                "MIT"
            ],
            "authors": [
                {
                    "name": "Jaap van Otterdijk",
                    "email": "opensource@ijaap.nl"
                }
            ],
            "description": "Common reflection classes used by phpdocumentor to reflect the code structure",
            "homepage": "http://www.phpdoc.org",
            "keywords": [
                "FQSEN",
                "phpDocumentor",
                "phpdoc",
                "reflection",
                "static analysis"
            ],
            "support": {
                "issues": "https://github.com/phpDocumentor/ReflectionCommon/issues",
                "source": "https://github.com/phpDocumentor/ReflectionCommon/tree/2.x"
            },
            "time": "2020-06-27T09:03:43+00:00"
        },
        {
            "name": "phpdocumentor/type-resolver",
            "version": "1.6.1",
            "source": {
                "type": "git",
                "url": "https://github.com/phpDocumentor/TypeResolver.git",
                "reference": "77a32518733312af16a44300404e945338981de3"
            },
            "dist": {
                "type": "zip",
                "url": "https://api.github.com/repos/phpDocumentor/TypeResolver/zipball/77a32518733312af16a44300404e945338981de3",
                "reference": "77a32518733312af16a44300404e945338981de3",
                "shasum": ""
            },
            "require": {
                "php": "^7.2 || ^8.0",
                "phpdocumentor/reflection-common": "^2.0"
            },
            "require-dev": {
                "ext-tokenizer": "*",
                "psalm/phar": "^4.8"
            },
            "type": "library",
            "extra": {
                "branch-alias": {
                    "dev-1.x": "1.x-dev"
                }
            },
            "autoload": {
                "psr-4": {
                    "phpDocumentor\\Reflection\\": "src"
                }
            },
            "notification-url": "https://packagist.org/downloads/",
            "license": [
                "MIT"
            ],
            "authors": [
                {
                    "name": "Mike van Riel",
                    "email": "me@mikevanriel.com"
                }
            ],
            "description": "A PSR-5 based resolver of Class names, Types and Structural Element Names",
            "support": {
                "issues": "https://github.com/phpDocumentor/TypeResolver/issues",
                "source": "https://github.com/phpDocumentor/TypeResolver/tree/1.6.1"
            },
            "time": "2022-03-15T21:29:03+00:00"
        },
        {
            "name": "psr/container",
            "version": "2.0.2",
            "source": {
                "type": "git",
                "url": "https://github.com/php-fig/container.git",
                "reference": "c71ecc56dfe541dbd90c5360474fbc405f8d5963"
            },
            "dist": {
                "type": "zip",
                "url": "https://api.github.com/repos/php-fig/container/zipball/c71ecc56dfe541dbd90c5360474fbc405f8d5963",
                "reference": "c71ecc56dfe541dbd90c5360474fbc405f8d5963",
                "shasum": ""
            },
            "require": {
                "php": ">=7.4.0"
            },
            "type": "library",
            "extra": {
                "branch-alias": {
                    "dev-master": "2.0.x-dev"
                }
            },
            "autoload": {
                "psr-4": {
                    "Psr\\Container\\": "src/"
                }
            },
            "notification-url": "https://packagist.org/downloads/",
            "license": [
                "MIT"
            ],
            "authors": [
                {
                    "name": "PHP-FIG",
                    "homepage": "https://www.php-fig.org/"
                }
            ],
            "description": "Common Container Interface (PHP FIG PSR-11)",
            "homepage": "https://github.com/php-fig/container",
            "keywords": [
                "PSR-11",
                "container",
                "container-interface",
                "container-interop",
                "psr"
            ],
            "support": {
                "issues": "https://github.com/php-fig/container/issues",
                "source": "https://github.com/php-fig/container/tree/2.0.2"
            },
            "time": "2021-11-05T16:47:00+00:00"
        },
        {
            "name": "psr/simple-cache",
            "version": "3.0.0",
            "source": {
                "type": "git",
                "url": "https://github.com/php-fig/simple-cache.git",
                "reference": "764e0b3939f5ca87cb904f570ef9be2d78a07865"
            },
            "dist": {
                "type": "zip",
                "url": "https://api.github.com/repos/php-fig/simple-cache/zipball/764e0b3939f5ca87cb904f570ef9be2d78a07865",
                "reference": "764e0b3939f5ca87cb904f570ef9be2d78a07865",
                "shasum": ""
            },
            "require": {
                "php": ">=8.0.0"
            },
            "type": "library",
            "extra": {
                "branch-alias": {
                    "dev-master": "3.0.x-dev"
                }
            },
            "autoload": {
                "psr-4": {
                    "Psr\\SimpleCache\\": "src/"
                }
            },
            "notification-url": "https://packagist.org/downloads/",
            "license": [
                "MIT"
            ],
            "authors": [
                {
                    "name": "PHP-FIG",
                    "homepage": "https://www.php-fig.org/"
                }
            ],
            "description": "Common interfaces for simple caching",
            "keywords": [
                "cache",
                "caching",
                "psr",
                "psr-16",
                "simple-cache"
            ],
            "support": {
                "source": "https://github.com/php-fig/simple-cache/tree/3.0.0"
            },
            "time": "2021-10-29T13:26:27+00:00"
        },
        {
            "name": "spatie/laravel-data",
            "version": "2.0.9",
            "source": {
                "type": "git",
                "url": "https://github.com/spatie/laravel-data.git",
                "reference": "987039dbf3ee0fccad5c69fd5f241ed5685cdd73"
            },
            "dist": {
                "type": "zip",
                "url": "https://api.github.com/repos/spatie/laravel-data/zipball/987039dbf3ee0fccad5c69fd5f241ed5685cdd73",
                "reference": "987039dbf3ee0fccad5c69fd5f241ed5685cdd73",
                "shasum": ""
            },
            "require": {
                "illuminate/contracts": "^8.71|^9.18",
                "php": "^8.1",
                "phpdocumentor/type-resolver": "^1.5",
                "spatie/laravel-package-tools": "^1.9.0"
            },
            "require-dev": {
                "fakerphp/faker": "^1.14",
                "friendsofphp/php-cs-fixer": "^3.0",
                "inertiajs/inertia-laravel": "^0.6.3",
                "nette/php-generator": "^3.5",
                "nunomaduro/larastan": "^2.0|^1.0.3",
                "orchestra/testbench": "^6.24|^7.6",
                "phpstan/extension-installer": "^1.1",
                "phpunit/phpunit": "^9.3",
                "spatie/invade": "^1.0",
                "spatie/laravel-typescript-transformer": "^2.0",
                "spatie/phpunit-snapshot-assertions": "^4.2",
                "spatie/test-time": "^1.2"
            },
            "type": "library",
            "extra": {
                "laravel": {
                    "providers": [
                        "Spatie\\LaravelData\\LaravelDataServiceProvider"
                    ]
                }
            },
            "autoload": {
                "psr-4": {
                    "Spatie\\LaravelData\\": "src",
                    "Spatie\\LaravelData\\Database\\Factories\\": "database/factories"
                }
            },
            "notification-url": "https://packagist.org/downloads/",
            "license": [
                "MIT"
            ],
            "authors": [
                {
                    "name": "Ruben Van Assche",
                    "email": "ruben@spatie.be",
                    "role": "Developer"
                }
            ],
            "description": "Create unified resources and data transfer objects",
            "homepage": "https://github.com/spatie/laravel-data",
            "keywords": [
                "laravel",
                "laravel-data",
                "spatie"
            ],
            "support": {
                "source": "https://github.com/spatie/laravel-data/tree/2.0.9"
            },
            "funding": [
                {
                    "url": "https://github.com/spatie",
                    "type": "github"
                }
            ],
            "time": "2022-08-23T10:21:29+00:00"
        },
        {
            "name": "spatie/laravel-package-tools",
            "version": "1.12.1",
            "source": {
                "type": "git",
                "url": "https://github.com/spatie/laravel-package-tools.git",
                "reference": "09f80fa240d44fafb1c70657c74ee44ffa929357"
            },
            "dist": {
                "type": "zip",
                "url": "https://api.github.com/repos/spatie/laravel-package-tools/zipball/09f80fa240d44fafb1c70657c74ee44ffa929357",
                "reference": "09f80fa240d44fafb1c70657c74ee44ffa929357",
                "shasum": ""
            },
            "require": {
                "illuminate/contracts": "^7.0|^8.0|^9.0",
                "php": "^7.4|^8.0"
            },
            "require-dev": {
                "mockery/mockery": "^1.4",
                "orchestra/testbench": "^5.0|^6.23|^7.0",
                "phpunit/phpunit": "^9.4",
                "spatie/test-time": "^1.2"
            },
            "type": "library",
            "autoload": {
                "psr-4": {
                    "Spatie\\LaravelPackageTools\\": "src"
                }
            },
            "notification-url": "https://packagist.org/downloads/",
            "license": [
                "MIT"
            ],
            "authors": [
                {
                    "name": "Freek Van der Herten",
                    "email": "freek@spatie.be",
                    "role": "Developer"
                }
            ],
            "description": "Tools for creating Laravel packages",
            "homepage": "https://github.com/spatie/laravel-package-tools",
            "keywords": [
                "laravel-package-tools",
                "spatie"
            ],
            "support": {
                "issues": "https://github.com/spatie/laravel-package-tools/issues",
                "source": "https://github.com/spatie/laravel-package-tools/tree/1.12.1"
            },
            "funding": [
                {
                    "url": "https://github.com/spatie",
                    "type": "github"
                }
            ],
            "time": "2022-06-28T14:29:26+00:00"
        }
    ],
    "packages-dev": [],
    "aliases": [],
    "minimum-stability": "stable",
    "stability-flags": [],
    "prefer-stable": false,
    "prefer-lowest": false,
    "platform": [],
    "platform-dev": [],
    "plugin-api-version": "2.1.0"
}
